
Microsoft Visual Studio Solution File, Format Version 12.00
# Visual Studio Version 16
VisualStudioVersion = 16.0.30503.244
MinimumVisualStudioVersion = 10.0.40219.1
Project("{FAE04EC0-301F-11D3-BF4B-00C04F79EFBC}") = "DutchTreat", "DutchTreat.csproj", "{AA2B148B-19F1-435D-AAC4-616A7F37AE78}"
EndProject
Global
	GlobalSection(SolutionConfigurationPlatforms) = preSolution
		Debug|Any CPU = Debug|Any CPU
		Release|Any CPU = Release|Any CPU
	EndGlobalSection
	GlobalSection(ProjectConfigurationPlatforms) = postSolution
		{AA2B148B-19F1-435D-AAC4-616A7F37AE78}.Debug|Any CPU.ActiveCfg = Debug|Any CPU
		{AA2B148B-19F1-435D-AAC4-616A7F37AE78}.Debug|Any CPU.Build.0 = Debug|Any CPU
		{AA2B148B-19F1-435D-AAC4-616A7F37AE78}.Release|Any CPU.ActiveCfg = Release|Any CPU
		{AA2B148B-19F1-435D-AAC4-616A7F37AE78}.Release|Any CPU.Build.0 = Release|Any CPU
	EndGlobalSection
	GlobalSection(SolutionProperties) = preSolution
		HideSolutionNode = FALSE
	EndGlobalSection
	GlobalSection(ExtensibilityGlobals) = postSolution
		SolutionGuid = {165B82EE-8DF5-4462-8525-1EC04C23E1C8}
	EndGlobalSection
EndGlobal
